
Microsoft Visual Studio Solution File, Format Version 12.00
# Visual Studio Version 17
VisualStudioVersion = 17.1.31911.260
MinimumVisualStudioVersion = 10.0.40219.1
Project("{FAE04EC0-301F-11D3-BF4B-00C04F79EFBC}") = "lab01", "lab01.csproj", "{551DBB0C-1EB2-4C3E-9DAF-0E2D7E772FFE}"
EndProject
Global
	GlobalSection(SolutionConfigurationPlatforms) = preSolution
		Debug|Any CPU = Debug|Any CPU
		Release|Any CPU = Release|Any CPU
	EndGlobalSection
	GlobalSection(ProjectConfigurationPlatforms) = postSolution
		{551DBB0C-1EB2-4C3E-9DAF-0E2D7E772FFE}.Debug|Any CPU.ActiveCfg = Debug|Any CPU
		{551DBB0C-1EB2-4C3E-9DAF-0E2D7E772FFE}.Debug|Any CPU.Build.0 = Debug|Any CPU
		{551DBB0C-1EB2-4C3E-9DAF-0E2D7E772FFE}.Release|Any CPU.ActiveCfg = Release|Any CPU
		{551DBB0C-1EB2-4C3E-9DAF-0E2D7E772FFE}.Release|Any CPU.Build.0 = Release|Any CPU
	EndGlobalSection
	GlobalSection(SolutionProperties) = preSolution
		HideSolutionNode = FALSE
	EndGlobalSection
	GlobalSection(ExtensibilityGlobals) = postSolution
		SolutionGuid = {E8F8FC60-F2A0-4525-8B8F-294CF633244E}
	EndGlobalSection
EndGlobal
